
Microsoft Visual Studio Solution File, Format Version 12.00
# Visual Studio Version 16
VisualStudioVersion = 16.0.29519.87
MinimumVisualStudioVersion = 10.0.40219.1
Project("{9A19103F-16F7-4668-BE54-9A1E7A4F7556}") = "Skeleton.ServiceName.API", "Skeleton.ServiceName.API\Skeleton.ServiceName.API.csproj", "{82E173D1-87C0-4E5A-8CD9-8F624BD55E57}"
EndProject
Project("{9A19103F-16F7-4668-BE54-9A1E7A4F7556}") = "Skeleton.ServiceName.Data", "Skeleton.ServiceName.Data\Skeleton.ServiceName.Data.csproj", "{15232438-6D7E-4E6F-A212-A0E1BAACCB13}"
EndProject
Project("{9A19103F-16F7-4668-BE54-9A1E7A4F7556}") = "Skeleton.ServiceName.Business", "Skeleton.ServiceName.Business\Skeleton.ServiceName.Business.csproj", "{4EB215BD-B0A2-4584-AD27-820D404A0F4D}"
EndProject
Project("{9A19103F-16F7-4668-BE54-9A1E7A4F7556}") = "Skeleton.ServiceName.ViewModel", "Skeleton.ServiceName.ViewModel\Skeleton.ServiceName.ViewModel.csproj", "{A63AF993-B5F6-4B52-8712-016737FB890E}"
EndProject
Project("{9A19103F-16F7-4668-BE54-9A1E7A4F7556}") = "Skeleton.ServiceName.Utils", "Skeleton.ServiceName.Utils\Skeleton.ServiceName.Utils.csproj", "{424A1DBB-96ED-4724-BE73-54BF56D800F7}"
EndProject
Project("{9A19103F-16F7-4668-BE54-9A1E7A4F7556}") = "Skeleton.ServiceName.MockData", "Skeleton.ServiceName.MockData\Skeleton.ServiceName.MockData.csproj", "{10B97172-B952-4384-B7E3-66FE6BB49AFF}"
EndProject
Project("{9A19103F-16F7-4668-BE54-9A1E7A4F7556}") = "Skeleton.ServiceName.UnitTest", "Skeleton.ServiceName.UnitTest\Skeleton.ServiceName.UnitTest.csproj", "{4ED4BEA9-35F4-40FC-99C6-D7827A7CBE10}"
EndProject
Project("{FAE04EC0-301F-11D3-BF4B-00C04F79EFBC}") = "Skeleton.ServiceName.IntegrationTest", "Skeleton.ServiceName.IntegrationTest\Skeleton.ServiceName.IntegrationTest.csproj", "{2FDEB1AB-766C-4C02-92DD-B453A21206A8}"
EndProject
Global
	GlobalSection(SolutionConfigurationPlatforms) = preSolution
		Debug|Any CPU = Debug|Any CPU
		Release|Any CPU = Release|Any CPU
	EndGlobalSection
	GlobalSection(ProjectConfigurationPlatforms) = postSolution
		{82E173D1-87C0-4E5A-8CD9-8F624BD55E57}.Debug|Any CPU.ActiveCfg = Debug|Any CPU
		{82E173D1-87C0-4E5A-8CD9-8F624BD55E57}.Debug|Any CPU.Build.0 = Debug|Any CPU
		{82E173D1-87C0-4E5A-8CD9-8F624BD55E57}.Release|Any CPU.ActiveCfg = Release|Any CPU
		{82E173D1-87C0-4E5A-8CD9-8F624BD55E57}.Release|Any CPU.Build.0 = Release|Any CPU
		{15232438-6D7E-4E6F-A212-A0E1BAACCB13}.Debug|Any CPU.ActiveCfg = Debug|Any CPU
		{15232438-6D7E-4E6F-A212-A0E1BAACCB13}.Debug|Any CPU.Build.0 = Debug|Any CPU
		{15232438-6D7E-4E6F-A212-A0E1BAACCB13}.Release|Any CPU.ActiveCfg = Release|Any CPU
		{15232438-6D7E-4E6F-A212-A0E1BAACCB13}.Release|Any CPU.Build.0 = Release|Any CPU
		{4EB215BD-B0A2-4584-AD27-820D404A0F4D}.Debug|Any CPU.ActiveCfg = Debug|Any CPU
		{4EB215BD-B0A2-4584-AD27-820D404A0F4D}.Debug|Any CPU.Build.0 = Debug|Any CPU
		{4EB215BD-B0A2-4584-AD27-820D404A0F4D}.Release|Any CPU.ActiveCfg = Release|Any CPU
		{4EB215BD-B0A2-4584-AD27-820D404A0F4D}.Release|Any CPU.Build.0 = Release|Any CPU
		{A63AF993-B5F6-4B52-8712-016737FB890E}.Debug|Any CPU.ActiveCfg = Debug|Any CPU
		{A63AF993-B5F6-4B52-8712-016737FB890E}.Debug|Any CPU.Build.0 = Debug|Any CPU
		{A63AF993-B5F6-4B52-8712-016737FB890E}.Release|Any CPU.ActiveCfg = Release|Any CPU
		{A63AF993-B5F6-4B52-8712-016737FB890E}.Release|Any CPU.Build.0 = Release|Any CPU
		{424A1DBB-96ED-4724-BE73-54BF56D800F7}.Debug|Any CPU.ActiveCfg = Debug|Any CPU
		{424A1DBB-96ED-4724-BE73-54BF56D800F7}.Debug|Any CPU.Build.0 = Debug|Any CPU
		{424A1DBB-96ED-4724-BE73-54BF56D800F7}.Release|Any CPU.ActiveCfg = Release|Any CPU
		{424A1DBB-96ED-4724-BE73-54BF56D800F7}.Release|Any CPU.Build.0 = Release|Any CPU
		{10B97172-B952-4384-B7E3-66FE6BB49AFF}.Debug|Any CPU.ActiveCfg = Debug|Any CPU
		{10B97172-B952-4384-B7E3-66FE6BB49AFF}.Debug|Any CPU.Build.0 = Debug|Any CPU
		{10B97172-B952-4384-B7E3-66FE6BB49AFF}.Release|Any CPU.ActiveCfg = Release|Any CPU
		{10B97172-B952-4384-B7E3-66FE6BB49AFF}.Release|Any CPU.Build.0 = Release|Any CPU
		{4ED4BEA9-35F4-40FC-99C6-D7827A7CBE10}.Debug|Any CPU.ActiveCfg = Debug|Any CPU
		{4ED4BEA9-35F4-40FC-99C6-D7827A7CBE10}.Debug|Any CPU.Build.0 = Debug|Any CPU
		{4ED4BEA9-35F4-40FC-99C6-D7827A7CBE10}.Release|Any CPU.ActiveCfg = Release|Any CPU
		{4ED4BEA9-35F4-40FC-99C6-D7827A7CBE10}.Release|Any CPU.Build.0 = Release|Any CPU
		{2FDEB1AB-766C-4C02-92DD-B453A21206A8}.Debug|Any CPU.ActiveCfg = Debug|Any CPU
		{2FDEB1AB-766C-4C02-92DD-B453A21206A8}.Debug|Any CPU.Build.0 = Debug|Any CPU
		{2FDEB1AB-766C-4C02-92DD-B453A21206A8}.Release|Any CPU.ActiveCfg = Release|Any CPU
		{2FDEB1AB-766C-4C02-92DD-B453A21206A8}.Release|Any CPU.Build.0 = Release|Any CPU
	EndGlobalSection
	GlobalSection(SolutionProperties) = preSolution
		HideSolutionNode = FALSE
	EndGlobalSection
	GlobalSection(ExtensibilityGlobals) = postSolution
		SolutionGuid = {E8E15D95-57AE-4DD0-8F6D-B46980A2DCF1}
	EndGlobalSection
EndGlobal
